// !$*UTF8*$!
{
	archiveVersion = 1;
	classes = {
	};
	objectVersion = 50;
	objects = {

/* Begin PBXBuildFile section */
		C9EBADA0248E16BA00E1316E /* GameScene.sks in Resources */ = {isa = PBXBuildFile; fileRef = C9EBAD9F248E16BA00E1316E /* GameScene.sks */; };
		C9F5FCF0248AFA9C00279A06 /* AppDelegate.swift in Sources */ = {isa = PBXBuildFile; fileRef = C9F5FCEF248AFA9C00279A06 /* AppDelegate.swift */; };
		C9F5FCF4248AFA9C00279A06 /* Actions.sks in Resources */ = {isa = PBXBuildFile; fileRef = C9F5FCF3248AFA9C00279A06 /* Actions.sks */; };
		C9F5FCF6248AFA9C00279A06 /* GameScene.swift in Sources */ = {isa = PBXBuildFile; fileRef = C9F5FCF5248AFA9C00279A06 /* GameScene.swift */; };
		C9F5FCF8248AFA9C00279A06 /* ViewController.swift in Sources */ = {isa = PBXBuildFile; fileRef = C9F5FCF7248AFA9C00279A06 /* ViewController.swift */; };
		C9F5FCFA248AFA9E00279A06 /* Assets.xcassets in Resources */ = {isa = PBXBuildFile; fileRef = C9F5FCF9248AFA9E00279A06 /* Assets.xcassets */; };
		C9F5FCFD248AFA9E00279A06 /* Main.storyboard in Resources */ = {isa = PBXBuildFile; fileRef = C9F5FCFB248AFA9E00279A06 /* Main.storyboard */; };
/* End PBXBuildFile section */

/* Begin PBXFileReference section */
		C9EBAD9F248E16BA00E1316E /* GameScene.sks */ = {isa = PBXFileReference; lastKnownFileType = file.sks; name = GameScene.sks; path = ../../../../.Trash/GameScene.sks; sourceTree = "<group>"; };
		C9F5FCEC248AFA9C00279A06 /* TopDownShooter.app */ = {isa = PBXFileReference; explicitFileType = wrapper.application; includeInIndex = 0; path = TopDownShooter.app; sourceTree = BUILT_PRODUCTS_DIR; };
		C9F5FCEF248AFA9C00279A06 /* AppDelegate.swift */ = {isa = PBXFileReference; lastKnownFileType = sourcecode.swift; path = AppDelegate.swift; sourceTree = "<group>"; };
		C9F5FCF3248AFA9C00279A06 /* Actions.sks */ = {isa = PBXFileReference; lastKnownFileType = file.sks; path = Actions.sks; sourceTree = "<group>"; };
		C9F5FCF5248AFA9C00279A06 /* GameScene.swift */ = {isa = PBXFileReference; lastKnownFileType = sourcecode.swift; path = GameScene.swift; sourceTree = "<group>"; };
		C9F5FCF7248AFA9C00279A06 /* ViewController.swift */ = {isa = PBXFileReference; lastKnownFileType = sourcecode.swift; path = ViewController.swift; sourceTree = "<group>"; };
		C9F5FCF9248AFA9E00279A06 /* Assets.xcassets */ = {isa = PBXFileReference; lastKnownFileType = folder.assetcatalog; path = Assets.xcassets; sourceTree = "<group>"; };
		C9F5FCFC248AFA9E00279A06 /* Base */ = {isa = PBXFileReference; lastKnownFileType = file.storyboard; name = Base; path = Base.lproj/Main.storyboard; sourceTree = "<group>"; };
		C9F5FCFE248AFA9E00279A06 /* Info.plist */ = {isa = PBXFileReference; lastKnownFileType = text.plist.xml; path = Info.plist; sourceTree = "<group>"; };
		C9F5FCFF248AFA9E00279A06 /* TopDownShooter.entitlements */ = {isa = PBXFileReference; lastKnownFileType = text.plist.entitlements; path = TopDownShooter.entitlements; sourceTree = "<group>"; };
/* End PBXFileReference section */

/* Begin PBXFrameworksBuildPhase section */
		C9F5FCE9248AFA9C00279A06 /* Frameworks */ = {
			isa = PBXFrameworksBuildPhase;
			buildActionMask = 2147483647;
			files = (
			);
			runOnlyForDeploymentPostprocessing = 0;
		};
/* End PBXFrameworksBuildPhase section */

/* Begin PBXGroup section */
		C9F5FCE3248AFA9C00279A06 = {
			isa = PBXGroup;
			children = (
				C9F5FCEE248AFA9C00279A06 /* TopDownShooter */,
				C9F5FCED248AFA9C00279A06 /* Products */,
			);
			sourceTree = "<group>";
		};
		C9F5FCED248AFA9C00279A06 /* Products */ = {
			isa = PBXGroup;
			children = (
				C9F5FCEC248AFA9C00279A06 /* TopDownShooter.app */,
			);
			name = Products;
			sourceTree = "<group>";
		};
		C9F5FCEE248AFA9C00279A06 /* TopDownShooter */ = {
			isa = PBXGroup;
			children = (
				C9F5FCEF248AFA9C00279A06 /* AppDelegate.swift */,
				C9EBAD9F248E16BA00E1316E /* GameScene.sks */,
				C9F5FCF3248AFA9C00279A06 /* Actions.sks */,
				C9F5FCF5248AFA9C00279A06 /* GameScene.swift */,
				C9F5FCF7248AFA9C00279A06 /* ViewController.swift */,
				C9F5FCF9248AFA9E00279A06 /* Assets.xcassets */,
				C9F5FCFB248AFA9E00279A06 /* Main.storyboard */,
				C9F5FCFE248AFA9E00279A06 /* Info.plist */,
				C9F5FCFF248AFA9E00279A06 /* TopDownShooter.entitlements */,
			);
			path = TopDownShooter;
			sourceTree = "<group>";
		};
/* End PBXGroup section */

/* Begin PBXNativeTarget section */
		C9F5FCEB248AFA9C00279A06 /* TopDownShooter */ = {
			isa = PBXNativeTarget;
			buildConfigurationList = C9F5FD02248AFA9E00279A06 /* Build configuration list for PBXNativeTarget "TopDownShooter" */;
			buildPhases = (
				C9F5FCE8248AFA9C00279A06 /* Sources */,
				C9F5FCE9248AFA9C00279A06 /* Frameworks */,
				C9F5FCEA248AFA9C00279A06 /* Resources */,
			);
			buildRules = (
			);
			dependencies = (
			);
			name = TopDownShooter;
			productName = TopDownShooter;
			productReference = C9F5FCEC248AFA9C00279A06 /* TopDownShooter.app */;
			productType = "com.apple.product-type.application";
		};
/* End PBXNativeTarget section */

/* Begin PBXProject section */
		C9F5FCE4248AFA9C00279A06 /* Project object */ = {
			isa = PBXProject;
			attributes = {
				LastSwiftUpdateCheck = 1150;
				LastUpgradeCheck = 1150;
				ORGANIZATIONNAME = MysteryCoder456;
				TargetAttributes = {
					C9F5FCEB248AFA9C00279A06 = {
						CreatedOnToolsVersion = 11.5;
					};
				};
			};
			buildConfigurationList = C9F5FCE7248AFA9C00279A06 /* Build configuration list for PBXProject "TopDownShooter" */;
			compatibilityVersion = "Xcode 9.3";
			developmentRegion = en;
			hasScannedForEncodings = 0;
			knownRegions = (
				en,
				Base,
			);
			mainGroup = C9F5FCE3248AFA9C00279A06;
			productRefGroup = C9F5FCED248AFA9C00279A06 /* Products */;
			projectDirPath = "";
			projectRoot = "";
			targets = (
				C9F5FCEB248AFA9C00279A06 /* TopDownShooter */,
			);
		};
/* End PBXProject section */

/* Begin PBXResourcesBuildPhase section */
		C9F5FCEA248AFA9C00279A06 /* Resources */ = {
			isa = PBXResourcesBuildPhase;
			buildActionMask = 2147483647;
			files = (
				C9EBADA0248E16BA00E1316E /* GameScene.sks in Resources */,
				C9F5FCFA248AFA9E00279A06 /* Assets.xcassets in Resources */,
				C9F5FCF4248AFA9C00279A06 /* Actions.sks in Resources */,
				C9F5FCFD248AFA9E00279A06 /* Main.storyboard in Resources */,
			);
			runOnlyForDeploymentPostprocessing = 0;
		};
/* End PBXResourcesBuildPhase section */

/* Begin PBXSourcesBuildPhase section */
		C9F5FCE8248AFA9C00279A06 /* Sources */ = {
			isa = PBXSourcesBuildPhase;
			buildActionMask = 2147483647;
			files = (
				C9F5FCF8248AFA9C00279A06 /* ViewController.swift in Sources */,
				C9F5FCF6248AFA9C00279A06 /* GameScene.swift in Sources */,
				C9F5FCF0248AFA9C00279A06 /* AppDelegate.swift in Sources */,
			);
			runOnlyForDeploymentPostprocessing = 0;
		};
/* End PBXSourcesBuildPhase section */

/* Begin PBXVariantGroup section */
		C9F5FCFB248AFA9E00279A06 /* Main.storyboard */ = {
			isa = PBXVariantGroup;
			children = (
				C9F5FCFC248AFA9E00279A06 /* Base */,
			);
			name = Main.storyboard;
			sourceTree = "<group>";
		};
/* End PBXVariantGroup section */

/* Begin XCBuildConfiguration section */
		C9F5FD00248AFA9E00279A06 /* Debug */ = {
			isa = XCBuildConfiguration;
			buildSettings = {
				ALWAYS_SEARCH_USER_PATHS = NO;
				CLANG_ANALYZER_NONNULL = YES;
				CLANG_ANALYZER_NUMBER_OBJECT_CONVERSION = YES_AGGRESSIVE;
				CLANG_CXX_LANGUAGE_STANDARD = "gnu++14";
				CLANG_CXX_LIBRARY = "libc++";
				CLANG_ENABLE_MODULES = YES;
				CLANG_ENABLE_OBJC_ARC = YES;
				CLANG_ENABLE_OBJC_WEAK = YES;
				CLANG_WARN_BLOCK_CAPTURE_AUTORELEASING = YES;
				CLANG_WARN_BOOL_CONVERSION = YES;
				CLANG_WARN_COMMA = YES;
				CLANG_WARN_CONSTANT_CONVERSION = YES;
				CLANG_WARN_DEPRECATED_OBJC_IMPLEMENTATIONS = YES;
				CLANG_WARN_DIRECT_OBJC_ISA_USAGE = YES_ERROR;
				CLANG_WARN_DOCUMENTATION_COMMENTS = YES;
				CLANG_WARN_EMPTY_BODY = YES;
				CLANG_WARN_ENUM_CONVERSION = YES;
				CLANG_WARN_INFINITE_RECURSION = YES;
				CLANG_WARN_INT_CONVERSION = YES;
				CLANG_WARN_NON_LITERAL_NULL_CONVERSION = YES;
				CLANG_WARN_OBJC_IMPLICIT_RETAIN_SELF = YES;
				CLANG_WARN_OBJC_LITERAL_CONVERSION = YES;
				CLANG_WARN_OBJC_ROOT_CLASS = YES_ERROR;
				CLANG_WARN_RANGE_LOOP_ANALYSIS = YES;
				CLANG_WARN_STRICT_PROTOTYPES = YES;
				CLANG_WARN_SUSPICIOUS_MOVE = YES;
				CLANG_WARN_UNGUARDED_AVAILABILITY = YES_AGGRESSIVE;
				CLANG_WARN_UNREACHABLE_CODE = YES;
				CLANG_WARN__DUPLICATE_METHOD_MATCH = YES;
				COPY_PHASE_STRIP = NO;
				DEBUG_INFORMATION_FORMAT = dwarf;
				ENABLE_STRICT_OBJC_MSGSEND = YES;
				ENABLE_TESTABILITY = YES;
				GCC_C_LANGUAGE_STANDARD = gnu11;
				GCC_DYNAMIC_NO_PIC = NO;
				GCC_NO_COMMON_BLOCKS = YES;
				GCC_OPTIMIZATION_LEVEL = 0;
				GCC_PREPROCESSOR_DEFINITIONS = (
					"DEBUG=1",
					"$(inherited)",
				);
				GCC_WARN_64_TO_32_BIT_CONVERSION = YES;
				GCC_WARN_ABOUT_RETURN_TYPE = YES_ERROR;
				GCC_WARN_UNDECLARED_SELECTOR = YES;
				GCC_WARN_UNINITIALIZED_AUTOS = YES_AGGRESSIVE;
				GCC_WARN_UNUSED_FUNCTION = YES;
				GCC_WARN_UNUSED_VARIABLE = YES;
				MACOSX_DEPLOYMENT_TARGET = 10.15;
				MTL_ENABLE_DEBUG_INFO = INCLUDE_SOURCE;
				MTL_FAST_MATH = YES;
				ONLY_ACTIVE_ARCH = YES;
				SDKROOT = macosx;
				SWIFT_ACTIVE_COMPILATION_CONDITIONS = DEBUG;
				SWIFT_OPTIMIZATION_LEVEL = "-Onone";
			};
			name = Debug;
		};
		C9F5FD01248AFA9E00279A06 /* Release */ = {
			isa = XCBuildConfiguration;
			buildSettings = {
				ALWAYS_SEARCH_USER_PATHS = NO;
				CLANG_ANALYZER_NONNULL = YES;
				CLANG_ANALYZER_NUMBER_OBJECT_CONVERSION = YES_AGGRESSIVE;
				CLANG_CXX_LANGUAGE_STANDARD = "gnu++14";
				CLANG_CXX_LIBRARY = "libc++";
				CLANG_ENABLE_MODULES = YES;
				CLANG_ENABLE_OBJC_ARC = YES;
				CLANG_ENABLE_OBJC_WEAK = YES;
				CLANG_WARN_BLOCK_CAPTURE_AUTORELEASING = YES;
				CLANG_WARN_BOOL_CONVERSION = YES;
				CLANG_WARN_COMMA = YES;
				CLANG_WARN_CONSTANT_CONVERSION = YES;
				CLANG_WARN_DEPRECATED_OBJC_IMPLEMENTATIONS = YES;
				CLANG_WARN_DIRECT_OBJC_ISA_USAGE = YES_ERROR;
				CLANG_WARN_DOCUMENTATION_COMMENTS = YES;
				CLANG_WARN_EMPTY_BODY = YES;
				CLANG_WARN_ENUM_CONVERSION = YES;
				CLANG_WARN_INFINITE_RECURSION = YES;
				CLANG_WARN_INT_CONVERSION = YES;
				CLANG_WARN_NON_LITERAL_NULL_CONVERSION = YES;
				CLANG_WARN_OBJC_IMPLICIT_RETAIN_SELF = YES;
				CLANG_WARN_OBJC_LITERAL_CONVERSION = YES;
				CLANG_WARN_OBJC_ROOT_CLASS = YES_ERROR;
				CLANG_WARN_RANGE_LOOP_ANALYSIS = YES;
				CLANG_WARN_STRICT_PROTOTYPES = YES;
				CLANG_WARN_SUSPICIOUS_MOVE = YES;
				CLANG_WARN_UNGUARDED_AVAILABILITY = YES_AGGRESSIVE;
				CLANG_WARN_UNREACHABLE_CODE = YES;
				CLANG_WARN__DUPLICATE_METHOD_MATCH = YES;
				COPY_PHASE_STRIP = NO;
				DEBUG_INFORMATION_FORMAT = "dwarf-with-dsym";
				ENABLE_NS_ASSERTIONS = NO;
				ENABLE_STRICT_OBJC_MSGSEND = YES;
				GCC_C_LANGUAGE_STANDARD = gnu11;
				GCC_NO_COMMON_BLOCKS = YES;
				GCC_WARN_64_TO_32_BIT_CONVERSION = YES;
				GCC_WARN_ABOUT_RETURN_TYPE = YES_ERROR;
				GCC_WARN_UNDECLARED_SELECTOR = YES;
				GCC_WARN_UNINITIALIZED_AUTOS = YES_AGGRESSIVE;
				GCC_WARN_UNUSED_FUNCTION = YES;
				GCC_WARN_UNUSED_VARIABLE = YES;
				MACOSX_DEPLOYMENT_TARGET = 10.15;
				MTL_ENABLE_DEBUG_INFO = NO;
				MTL_FAST_MATH = YES;
				SDKROOT = macosx;
				SWIFT_COMPILATION_MODE = wholemodule;
				SWIFT_OPTIMIZATION_LEVEL = "-O";
			};
			name = Release;
		};
		C9F5FD03248AFA9E00279A06 /* Debug */ = {
			isa = XCBuildConfiguration;
			buildSettings = {
				ASSETCATALOG_COMPILER_APPICON_NAME = AppIcon;
				CODE_SIGN_ENTITLEMENTS = TopDownShooter/TopDownShooter.entitlements;
				CODE_SIGN_STYLE = Automatic;
				COMBINE_HIDPI_IMAGES = YES;
				DEVELOPMENT_TEAM = U29V6K83J6;
				ENABLE_HARDENED_RUNTIME = YES;
				INFOPLIST_FILE = TopDownShooter/Info.plist;
				LD_RUNPATH_SEARCH_PATHS = (
					"$(inherited)",
					"@executable_path/../Frameworks",
				);
				PRODUCT_BUNDLE_IDENTIFIER = com.mysterycoder456.TopDownShooter;
				PRODUCT_NAME = "$(TARGET_NAME)";
				SWIFT_VERSION = 5.0;
			};
			name = Debug;
		};
		C9F5FD04248AFA9E00279A06 /* Release */ = {
			isa = XCBuildConfiguration;
			buildSettings = {
				ASSETCATALOG_COMPILER_APPICON_NAME = AppIcon;
				CODE_SIGN_ENTITLEMENTS = TopDownShooter/TopDownShooter.entitlements;
				CODE_SIGN_STYLE = Automatic;
				COMBINE_HIDPI_IMAGES = YES;
				DEVELOPMENT_TEAM = U29V6K83J6;
				ENABLE_HARDENED_RUNTIME = YES;
				INFOPLIST_FILE = TopDownShooter/Info.plist;
				LD_RUNPATH_SEARCH_PATHS = (
					"$(inherited)",
					"@executable_path/../Frameworks",
				);
				PRODUCT_BUNDLE_IDENTIFIER = com.mysterycoder456.TopDownShooter;
				PRODUCT_NAME = "$(TARGET_NAME)";
				SWIFT_VERSION = 5.0;
			};
			name = Release;
		};
/* End XCBuildConfiguration section */

/* Begin XCConfigurationList section */
		C9F5FCE7248AFA9C00279A06 /* Build configuration list for PBXProject "TopDownShooter" */ = {
			isa = XCConfigurationList;
			buildConfigurations = (
				C9F5FD00248AFA9E00279A06 /* Debug */,
				C9F5FD01248AFA9E00279A06 /* Release */,
			);
			defaultConfigurationIsVisible = 0;
			defaultConfigurationName = Release;
		};
		C9F5FD02248AFA9E00279A06 /* Build configuration list for PBXNativeTarget "TopDownShooter" */ = {
			isa = XCConfigurationList;
			buildConfigurations = (
				C9F5FD03248AFA9E00279A06 /* Debug */,
				C9F5FD04248AFA9E00279A06 /* Release */,
			);
			defaultConfigurationIsVisible = 0;
			defaultConfigurationName = Release;
		};
/* End XCConfigurationList section */
	};
	rootObject = C9F5FCE4248AFA9C00279A06 /* Project object */;
}
